<?xml version="1.0" encoding="utf-8"?>
<Project ToolsVersion="4.0" xmlns="http://schemas.microsoft.com/developer/msbuild/2003">
  <ItemGroup>
    <Filter Include="Archivos de origen">
      <UniqueIdentifier>{4FC737F1-C7A5-4376-A066-2A32D752A2FF}</UniqueIdentifier>
      <Extensions>cpp;c;cc;cxx;c++;cppm;ixx;def;odl;idl;hpj;bat;asm;asmx</Extensions>
    </Filter>
    <Filter Include="Archivos de encabezado">
      <UniqueIdentifier>{93995380-89BD-4b04-88EB-625FBE52EBFB}</UniqueIdentifier>
      <Extensions>h;hh;hpp;hxx;h++;hm;inl;inc;ipp;xsd</Extensions>
    </Filter>
    <Filter Include="Archivos de recursos">
      <UniqueIdentifier>{67DA6AB6-F800-4c08-8B7A-83BB121AAD01}</UniqueIdentifier>
      <Extensions>rc;ico;cur;bmp;dlg;rc2;rct;bin;rgs;gif;jpg;jpeg;jpe;resx;tiff;tif;png;wav;mfcribbon-ms</Extensions>
    </Filter>
    <Filter Include="Header">
      <UniqueIdentifier>{56bf18eb-e607-4c64-9806-6c34e0c331a6}</UniqueIdentifier>
    </Filter>
    <Filter Include="Source">
      <UniqueIdentifier>{456a5725-0d30-4ad8-8c53-6491f86450ad}</UniqueIdentifier>
    </Filter>
  </ItemGroup>
  <ItemGroup>
    <ClCompile Include="..\src\cpp\Ball.cpp">
      <Filter>Source</Filter>
    </ClCompile>
    <ClCompile Include="..\src\cpp\Button.cpp">
      <Filter>Source</Filter>
    </ClCompile>
    <ClCompile Include="..\src\cpp\Game.cpp">
      <Filter>Source</Filter>
    </ClCompile>
    <ClCompile Include="..\src\cpp\GameLoop.cpp">
      <Filter>Source</Filter>
    </ClCompile>
    <ClCompile Include="..\src\cpp\HowTo.cpp">
      <Filter>Source</Filter>
    </ClCompile>
    <ClCompile Include="..\src\cpp\Menu.cpp">
      <Filter>Source</Filter>
    </ClCompile>
    <ClCompile Include="..\src\cpp\Pad.cpp">
      <Filter>Source</Filter>
    </ClCompile>
    <ClCompile Include="..\src\cpp\Pong_IgnacioArrastua.cpp">
      <Filter>Source</Filter>
    </ClCompile>
    <ClCompile Include="..\src\cpp\PowerUp.cpp">
      <Filter>Source</Filter>
    </ClCompile>
  </ItemGroup>
  <ItemGroup>
    <ClInclude Include="..\src\header\Ball.h">
      <Filter>Header</Filter>
    </ClInclude>
    <ClInclude Include="..\src\header\Button.h">
      <Filter>Header</Filter>
    </ClInclude>
    <ClInclude Include="..\src\header\Game.h">
      <Filter>Header</Filter>
    </ClInclude>
    <ClInclude Include="..\src\header\GameLoop.h">
      <Filter>Header</Filter>
    </ClInclude>
    <ClInclude Include="..\src\header\GameStates.h">
      <Filter>Header</Filter>
    </ClInclude>
    <ClInclude Include="..\src\header\HowTo.h">
      <Filter>Header</Filter>
    </ClInclude>
    <ClInclude Include="..\src\header\Menu.h">
      <Filter>Header</Filter>
    </ClInclude>
    <ClInclude Include="..\src\header\Pad.h">
      <Filter>Header</Filter>
    </ClInclude>
    <ClInclude Include="..\src\header\PowerUp.h">
      <Filter>Header</Filter>
    </ClInclude>
  </ItemGroup>
</Project>